// !$*UTF8*$!
{
	archiveVersion = 1;
	classes = {
	};
	objectVersion = 55;
	objects = {

/* Begin PBXBuildFile section */
		2703040D2856A8DD00763C06 /* StopWatchContainerView.swift in Sources */ = {isa = PBXBuildFile; fileRef = 2703040C2856A8DD00763C06 /* StopWatchContainerView.swift */; };
		270304112856B0BA00763C06 /* MultipleStopWatchView.swift in Sources */ = {isa = PBXBuildFile; fileRef = 270304102856B0BA00763C06 /* MultipleStopWatchView.swift */; };
		270304132858061600763C06 /* TabContainerView.swift in Sources */ = {isa = PBXBuildFile; fileRef = 270304122858061600763C06 /* TabContainerView.swift */; };
		27096B53284CF471007E7FB6 /* PeriodModel.swift in Sources */ = {isa = PBXBuildFile; fileRef = 27096B52284CF471007E7FB6 /* PeriodModel.swift */; };
		27096B55284D06CC007E7FB6 /* LapModel.swift in Sources */ = {isa = PBXBuildFile; fileRef = 27096B54284D06CC007E7FB6 /* LapModel.swift */; };
		271B600F2845220D00BA0F5D /* RepTimerApp.swift in Sources */ = {isa = PBXBuildFile; fileRef = 271B600E2845220D00BA0F5D /* RepTimerApp.swift */; };
		271B60112845220D00BA0F5D /* ContentView.swift in Sources */ = {isa = PBXBuildFile; fileRef = 271B60102845220D00BA0F5D /* ContentView.swift */; };
		271B60132845220E00BA0F5D /* Assets.xcassets in Resources */ = {isa = PBXBuildFile; fileRef = 271B60122845220E00BA0F5D /* Assets.xcassets */; };
		271B60162845220E00BA0F5D /* Preview Assets.xcassets in Resources */ = {isa = PBXBuildFile; fileRef = 271B60152845220E00BA0F5D /* Preview Assets.xcassets */; };
		271B60202845220E00BA0F5D /* RepTimerTests.swift in Sources */ = {isa = PBXBuildFile; fileRef = 271B601F2845220E00BA0F5D /* RepTimerTests.swift */; };
		271B602A2845220E00BA0F5D /* RepTimerUITests.swift in Sources */ = {isa = PBXBuildFile; fileRef = 271B60292845220E00BA0F5D /* RepTimerUITests.swift */; };
		271B602C2845220E00BA0F5D /* RepTimerUITestsLaunchTests.swift in Sources */ = {isa = PBXBuildFile; fileRef = 271B602B2845220E00BA0F5D /* RepTimerUITestsLaunchTests.swift */; };
		271B603B2845223B00BA0F5D /* SingleStopWatch.swift in Sources */ = {isa = PBXBuildFile; fileRef = 271B603A2845223B00BA0F5D /* SingleStopWatch.swift */; };
		271B603D2845229600BA0F5D /* SingleStopWatchView.swift in Sources */ = {isa = PBXBuildFile; fileRef = 271B603C2845229600BA0F5D /* SingleStopWatchView.swift */; };
		271B60402845544900BA0F5D /* TimeIntervalFormattingExtension.swift in Sources */ = {isa = PBXBuildFile; fileRef = 271B603F2845544900BA0F5D /* TimeIntervalFormattingExtension.swift */; };
		27740A8E285810C400514A13 /* SingleTimerModel.swift in Sources */ = {isa = PBXBuildFile; fileRef = 27740A8D285810C400514A13 /* SingleTimerModel.swift */; };
		27740A902858129B00514A13 /* TimerTimelineView.swift in Sources */ = {isa = PBXBuildFile; fileRef = 27740A8F2858129B00514A13 /* TimerTimelineView.swift */; };
		27740A942858133C00514A13 /* TimersControllerModel.swift in Sources */ = {isa = PBXBuildFile; fileRef = 27740A932858133C00514A13 /* TimersControllerModel.swift */; };
		27740A96285AC36C00514A13 /* StopWatchControlsView.swift in Sources */ = {isa = PBXBuildFile; fileRef = 27740A95285AC36C00514A13 /* StopWatchControlsView.swift */; };
		27740A9A2860D65700514A13 /* CreateTimerView.swift in Sources */ = {isa = PBXBuildFile; fileRef = 27740A992860D65700514A13 /* CreateTimerView.swift */; };
		27740A9E28611DAB00514A13 /* TimeInputKeyboardView.swift in Sources */ = {isa = PBXBuildFile; fileRef = 27740A9D28611DAB00514A13 /* TimeInputKeyboardView.swift */; };
		27740AA028611E8100514A13 /* TimeInputKeyView.swift in Sources */ = {isa = PBXBuildFile; fileRef = 27740A9F28611E8100514A13 /* TimeInputKeyView.swift */; };
		27740AA228611EC500514A13 /* TimeInputKeyboardModel.swift in Sources */ = {isa = PBXBuildFile; fileRef = 27740AA128611EC500514A13 /* TimeInputKeyboardModel.swift */; };
		278149BD2884A5E900511D3D /* DateExtensions.swift in Sources */ = {isa = PBXBuildFile; fileRef = 278149BC2884A5E900511D3D /* DateExtensions.swift */; };
		2789A9D02879D13F009710C3 /* ViewExtensions.swift in Sources */ = {isa = PBXBuildFile; fileRef = 2789A9CF2879D13F009710C3 /* ViewExtensions.swift */; };
		279936412880B71C009EC53D /* DownUpTimerView.swift in Sources */ = {isa = PBXBuildFile; fileRef = 279936402880B71C009EC53D /* DownUpTimerView.swift */; };
		279936432880EFF6009EC53D /* DownUpTimerModel.swift in Sources */ = {isa = PBXBuildFile; fileRef = 279936422880EFF6009EC53D /* DownUpTimerModel.swift */; };
		27A42F12289EE4BC007BA2BB /* radar.caf in Resources */ = {isa = PBXBuildFile; fileRef = 27A42F11289EE4BC007BA2BB /* radar.caf */; };
		27A42F14289EEF36007BA2BB /* Sizes.swift in Sources */ = {isa = PBXBuildFile; fileRef = 27A42F13289EEF36007BA2BB /* Sizes.swift */; };
		27E3F73428676B8500DECF15 /* HideKeyboardExtension.swift in Sources */ = {isa = PBXBuildFile; fileRef = 27E3F73328676B8500DECF15 /* HideKeyboardExtension.swift */; };
		27E3F7362867722400DECF15 /* timerDoneSound.m4a in Resources */ = {isa = PBXBuildFile; fileRef = 27E3F7352867722400DECF15 /* timerDoneSound.m4a */; };
		27E3F73E2869274B00DECF15 /* StopwatchesController.swift in Sources */ = {isa = PBXBuildFile; fileRef = 27E3F73D2869274B00DECF15 /* StopwatchesController.swift */; };
		27E3F7402870AE2800DECF15 /* StopWatchHistoryView.swift in Sources */ = {isa = PBXBuildFile; fileRef = 27E3F73F2870AE2800DECF15 /* StopWatchHistoryView.swift */; };
		27E3F7422871CBC000DECF15 /* StopwatchSettingsView.swift in Sources */ = {isa = PBXBuildFile; fileRef = 27E3F7412871CBC000DECF15 /* StopwatchSettingsView.swift */; };
		27E3F7462871D22400DECF15 /* BindingOnUpdateExtension.swift in Sources */ = {isa = PBXBuildFile; fileRef = 27E3F7452871D22400DECF15 /* BindingOnUpdateExtension.swift */; };
/* End PBXBuildFile section */

/* Begin PBXContainerItemProxy section */
		271B601C2845220E00BA0F5D /* PBXContainerItemProxy */ = {
			isa = PBXContainerItemProxy;
			containerPortal = 271B60032845220D00BA0F5D /* Project object */;
			proxyType = 1;
			remoteGlobalIDString = 271B600A2845220D00BA0F5D;
			remoteInfo = RepTimer;
		};
		271B60262845220E00BA0F5D /* PBXContainerItemProxy */ = {
			isa = PBXContainerItemProxy;
			containerPortal = 271B60032845220D00BA0F5D /* Project object */;
			proxyType = 1;
			remoteGlobalIDString = 271B600A2845220D00BA0F5D;
			remoteInfo = RepTimer;
		};
/* End PBXContainerItemProxy section */

/* Begin PBXFileReference section */
		2703040C2856A8DD00763C06 /* StopWatchContainerView.swift */ = {isa = PBXFileReference; lastKnownFileType = sourcecode.swift; path = StopWatchContainerView.swift; sourceTree = "<group>"; };
		270304102856B0BA00763C06 /* MultipleStopWatchView.swift */ = {isa = PBXFileReference; lastKnownFileType = sourcecode.swift; path = MultipleStopWatchView.swift; sourceTree = "<group>"; };
		270304122858061600763C06 /* TabContainerView.swift */ = {isa = PBXFileReference; lastKnownFileType = sourcecode.swift; path = TabContainerView.swift; sourceTree = "<group>"; };
		27096B52284CF471007E7FB6 /* PeriodModel.swift */ = {isa = PBXFileReference; lastKnownFileType = sourcecode.swift; path = PeriodModel.swift; sourceTree = "<group>"; };
		27096B54284D06CC007E7FB6 /* LapModel.swift */ = {isa = PBXFileReference; lastKnownFileType = sourcecode.swift; path = LapModel.swift; sourceTree = "<group>"; };
		271B600B2845220D00BA0F5D /* Clok.app */ = {isa = PBXFileReference; explicitFileType = wrapper.application; includeInIndex = 0; path = Clok.app; sourceTree = BUILT_PRODUCTS_DIR; };
		271B600E2845220D00BA0F5D /* RepTimerApp.swift */ = {isa = PBXFileReference; lastKnownFileType = sourcecode.swift; path = RepTimerApp.swift; sourceTree = "<group>"; };
		271B60102845220D00BA0F5D /* ContentView.swift */ = {isa = PBXFileReference; lastKnownFileType = sourcecode.swift; path = ContentView.swift; sourceTree = "<group>"; };
		271B60122845220E00BA0F5D /* Assets.xcassets */ = {isa = PBXFileReference; lastKnownFileType = folder.assetcatalog; path = Assets.xcassets; sourceTree = "<group>"; };
		271B60152845220E00BA0F5D /* Preview Assets.xcassets */ = {isa = PBXFileReference; lastKnownFileType = folder.assetcatalog; path = "Preview Assets.xcassets"; sourceTree = "<group>"; };
		271B601B2845220E00BA0F5D /* RepTimerTests.xctest */ = {isa = PBXFileReference; explicitFileType = wrapper.cfbundle; includeInIndex = 0; path = RepTimerTests.xctest; sourceTree = BUILT_PRODUCTS_DIR; };
		271B601F2845220E00BA0F5D /* RepTimerTests.swift */ = {isa = PBXFileReference; lastKnownFileType = sourcecode.swift; path = RepTimerTests.swift; sourceTree = "<group>"; };
		271B60252845220E00BA0F5D /* RepTimerUITests.xctest */ = {isa = PBXFileReference; explicitFileType = wrapper.cfbundle; includeInIndex = 0; path = RepTimerUITests.xctest; sourceTree = BUILT_PRODUCTS_DIR; };
		271B60292845220E00BA0F5D /* RepTimerUITests.swift */ = {isa = PBXFileReference; lastKnownFileType = sourcecode.swift; path = RepTimerUITests.swift; sourceTree = "<group>"; };
		271B602B2845220E00BA0F5D /* RepTimerUITestsLaunchTests.swift */ = {isa = PBXFileReference; lastKnownFileType = sourcecode.swift; path = RepTimerUITestsLaunchTests.swift; sourceTree = "<group>"; };
		271B603A2845223B00BA0F5D /* SingleStopWatch.swift */ = {isa = PBXFileReference; lastKnownFileType = sourcecode.swift; path = SingleStopWatch.swift; sourceTree = "<group>"; };
		271B603C2845229600BA0F5D /* SingleStopWatchView.swift */ = {isa = PBXFileReference; lastKnownFileType = sourcecode.swift; path = SingleStopWatchView.swift; sourceTree = "<group>"; };
		271B603F2845544900BA0F5D /* TimeIntervalFormattingExtension.swift */ = {isa = PBXFileReference; lastKnownFileType = sourcecode.swift; path = TimeIntervalFormattingExtension.swift; sourceTree = "<group>"; };
		27740A8D285810C400514A13 /* SingleTimerModel.swift */ = {isa = PBXFileReference; lastKnownFileType = sourcecode.swift; path = SingleTimerModel.swift; sourceTree = "<group>"; };
		27740A8F2858129B00514A13 /* TimerTimelineView.swift */ = {isa = PBXFileReference; lastKnownFileType = sourcecode.swift; path = TimerTimelineView.swift; sourceTree = "<group>"; };
		27740A932858133C00514A13 /* TimersControllerModel.swift */ = {isa = PBXFileReference; lastKnownFileType = sourcecode.swift; path = TimersControllerModel.swift; sourceTree = "<group>"; };
		27740A95285AC36C00514A13 /* StopWatchControlsView.swift */ = {isa = PBXFileReference; lastKnownFileType = sourcecode.swift; path = StopWatchControlsView.swift; sourceTree = "<group>"; };
		27740A992860D65700514A13 /* CreateTimerView.swift */ = {isa = PBXFileReference; lastKnownFileType = sourcecode.swift; path = CreateTimerView.swift; sourceTree = "<group>"; };
		27740A9D28611DAB00514A13 /* TimeInputKeyboardView.swift */ = {isa = PBXFileReference; lastKnownFileType = sourcecode.swift; path = TimeInputKeyboardView.swift; sourceTree = "<group>"; };
		27740A9F28611E8100514A13 /* TimeInputKeyView.swift */ = {isa = PBXFileReference; lastKnownFileType = sourcecode.swift; path = TimeInputKeyView.swift; sourceTree = "<group>"; };
		27740AA128611EC500514A13 /* TimeInputKeyboardModel.swift */ = {isa = PBXFileReference; lastKnownFileType = sourcecode.swift; path = TimeInputKeyboardModel.swift; sourceTree = "<group>"; };
		278149BB28849D3C00511D3D /* RepTimer-Info.plist */ = {isa = PBXFileReference; lastKnownFileType = text.plist; path = "RepTimer-Info.plist"; sourceTree = "<group>"; };
		278149BC2884A5E900511D3D /* DateExtensions.swift */ = {isa = PBXFileReference; lastKnownFileType = sourcecode.swift; path = DateExtensions.swift; sourceTree = "<group>"; };
		2789A9CF2879D13F009710C3 /* ViewExtensions.swift */ = {isa = PBXFileReference; lastKnownFileType = sourcecode.swift; path = ViewExtensions.swift; sourceTree = "<group>"; };
		279936402880B71C009EC53D /* DownUpTimerView.swift */ = {isa = PBXFileReference; lastKnownFileType = sourcecode.swift; path = DownUpTimerView.swift; sourceTree = "<group>"; };
		279936422880EFF6009EC53D /* DownUpTimerModel.swift */ = {isa = PBXFileReference; lastKnownFileType = sourcecode.swift; path = DownUpTimerModel.swift; sourceTree = "<group>"; };
		27A42F10289EE48F007BA2BB /* radar.caf */ = {isa = PBXFileReference; lastKnownFileType = file; name = radar.caf; path = clok/radar.caf; sourceTree = SOURCE_ROOT; };
		27A42F11289EE4BC007BA2BB /* radar.caf */ = {isa = PBXFileReference; lastKnownFileType = file; path = radar.caf; sourceTree = "<group>"; };
		27A42F13289EEF36007BA2BB /* Sizes.swift */ = {isa = PBXFileReference; lastKnownFileType = sourcecode.swift; path = Sizes.swift; sourceTree = "<group>"; };
		27E3F73328676B8500DECF15 /* HideKeyboardExtension.swift */ = {isa = PBXFileReference; lastKnownFileType = sourcecode.swift; path = HideKeyboardExtension.swift; sourceTree = "<group>"; };
		27E3F7352867722400DECF15 /* timerDoneSound.m4a */ = {isa = PBXFileReference; lastKnownFileType = file; path = timerDoneSound.m4a; sourceTree = "<group>"; };
		27E3F73D2869274B00DECF15 /* StopwatchesController.swift */ = {isa = PBXFileReference; lastKnownFileType = sourcecode.swift; path = StopwatchesController.swift; sourceTree = "<group>"; };
		27E3F73F2870AE2800DECF15 /* StopWatchHistoryView.swift */ = {isa = PBXFileReference; lastKnownFileType = sourcecode.swift; path = StopWatchHistoryView.swift; sourceTree = "<group>"; };
		27E3F7412871CBC000DECF15 /* StopwatchSettingsView.swift */ = {isa = PBXFileReference; lastKnownFileType = sourcecode.swift; path = StopwatchSettingsView.swift; sourceTree = "<group>"; };
		27E3F7452871D22400DECF15 /* BindingOnUpdateExtension.swift */ = {isa = PBXFileReference; lastKnownFileType = sourcecode.swift; path = BindingOnUpdateExtension.swift; sourceTree = "<group>"; };
/* End PBXFileReference section */

/* Begin PBXFrameworksBuildPhase section */
		271B60082845220D00BA0F5D /* Frameworks */ = {
			isa = PBXFrameworksBuildPhase;
			buildActionMask = 2147483647;
			files = (
			);
			runOnlyForDeploymentPostprocessing = 0;
		};
		271B60182845220E00BA0F5D /* Frameworks */ = {
			isa = PBXFrameworksBuildPhase;
			buildActionMask = 2147483647;
			files = (
			);
			runOnlyForDeploymentPostprocessing = 0;
		};
		271B60222845220E00BA0F5D /* Frameworks */ = {
			isa = PBXFrameworksBuildPhase;
			buildActionMask = 2147483647;
			files = (
			);
			runOnlyForDeploymentPostprocessing = 0;
		};
/* End PBXFrameworksBuildPhase section */

/* Begin PBXGroup section */
		270304142858095600763C06 /* Stopwatch */ = {
			isa = PBXGroup;
			children = (
				2703040C2856A8DD00763C06 /* StopWatchContainerView.swift */,
				271B603C2845229600BA0F5D /* SingleStopWatchView.swift */,
				270304102856B0BA00763C06 /* MultipleStopWatchView.swift */,
				27740A95285AC36C00514A13 /* StopWatchControlsView.swift */,
				27E3F73F2870AE2800DECF15 /* StopWatchHistoryView.swift */,
				27E3F7412871CBC000DECF15 /* StopwatchSettingsView.swift */,
			);
			path = Stopwatch;
			sourceTree = "<group>";
		};
		270304152858096600763C06 /* Timer */ = {
			isa = PBXGroup;
			children = (
				27740A8F2858129B00514A13 /* TimerTimelineView.swift */,
				27740A992860D65700514A13 /* CreateTimerView.swift */,
				279936402880B71C009EC53D /* DownUpTimerView.swift */,
			);
			path = Timer;
			sourceTree = "<group>";
		};
		271B60022845220D00BA0F5D = {
			isa = PBXGroup;
			children = (
				278149BB28849D3C00511D3D /* RepTimer-Info.plist */,
				271B600D2845220D00BA0F5D /* clok */,
				271B601E2845220E00BA0F5D /* RepTimerTests */,
				271B60282845220E00BA0F5D /* RepTimerUITests */,
				271B600C2845220D00BA0F5D /* Products */,
			);
			sourceTree = "<group>";
		};
		271B600C2845220D00BA0F5D /* Products */ = {
			isa = PBXGroup;
			children = (
				271B600B2845220D00BA0F5D /* Clok.app */,
				271B601B2845220E00BA0F5D /* RepTimerTests.xctest */,
				271B60252845220E00BA0F5D /* RepTimerUITests.xctest */,
			);
			name = Products;
			sourceTree = "<group>";
		};
		271B600D2845220D00BA0F5D /* clok */ = {
			isa = PBXGroup;
			children = (
				27A42F11289EE4BC007BA2BB /* radar.caf */,
				271B603E2845543400BA0F5D /* Extensions */,
				271B60392845223000BA0F5D /* Views */,
				271B60382845222300BA0F5D /* Models */,
				271B600E2845220D00BA0F5D /* RepTimerApp.swift */,
				271B60122845220E00BA0F5D /* Assets.xcassets */,
				271B60142845220E00BA0F5D /* Preview Content */,
			);
			path = clok;
			sourceTree = "<group>";
		};
		271B60142845220E00BA0F5D /* Preview Content */ = {
			isa = PBXGroup;
			children = (
				271B60152845220E00BA0F5D /* Preview Assets.xcassets */,
			);
			path = "Preview Content";
			sourceTree = "<group>";
		};
		271B601E2845220E00BA0F5D /* RepTimerTests */ = {
			isa = PBXGroup;
			children = (
				271B601F2845220E00BA0F5D /* RepTimerTests.swift */,
			);
			path = RepTimerTests;
			sourceTree = "<group>";
		};
		271B60282845220E00BA0F5D /* RepTimerUITests */ = {
			isa = PBXGroup;
			children = (
				27A42F10289EE48F007BA2BB /* radar.caf */,
				27E3F7352867722400DECF15 /* timerDoneSound.m4a */,
				271B60292845220E00BA0F5D /* RepTimerUITests.swift */,
				271B602B2845220E00BA0F5D /* RepTimerUITestsLaunchTests.swift */,
			);
			path = RepTimerUITests;
			sourceTree = "<group>";
		};
		271B60382845222300BA0F5D /* Models */ = {
			isa = PBXGroup;
			children = (
				27740A91285812F700514A13 /* Timer */,
				27740A922858130200514A13 /* Stopwatch */,
				27740AA4286120F900514A13 /* TimeInputKeyboard */,
			);
			path = Models;
			sourceTree = "<group>";
		};
		271B60392845223000BA0F5D /* Views */ = {
			isa = PBXGroup;
			children = (
				271B60102845220D00BA0F5D /* ContentView.swift */,
				270304122858061600763C06 /* TabContainerView.swift */,
				270304152858096600763C06 /* Timer */,
				270304142858095600763C06 /* Stopwatch */,
				27740AA3286120E800514A13 /* TimeInputKeyboard */,
				27A42F13289EEF36007BA2BB /* Sizes.swift */,
			);
			path = Views;
			sourceTree = "<group>";
		};
		271B603E2845543400BA0F5D /* Extensions */ = {
			isa = PBXGroup;
			children = (
				271B603F2845544900BA0F5D /* TimeIntervalFormattingExtension.swift */,
				27E3F73328676B8500DECF15 /* HideKeyboardExtension.swift */,
				27E3F7452871D22400DECF15 /* BindingOnUpdateExtension.swift */,
				2789A9CF2879D13F009710C3 /* ViewExtensions.swift */,
				278149BC2884A5E900511D3D /* DateExtensions.swift */,
			);
			path = Extensions;
			sourceTree = "<group>";
		};
		27740A91285812F700514A13 /* Timer */ = {
			isa = PBXGroup;
			children = (
				27740A932858133C00514A13 /* TimersControllerModel.swift */,
				27740A8D285810C400514A13 /* SingleTimerModel.swift */,
				279936422880EFF6009EC53D /* DownUpTimerModel.swift */,
			);
			path = Timer;
			sourceTree = "<group>";
		};
		27740A922858130200514A13 /* Stopwatch */ = {
			isa = PBXGroup;
			children = (
				27E3F73D2869274B00DECF15 /* StopwatchesController.swift */,
				27096B52284CF471007E7FB6 /* PeriodModel.swift */,
				271B603A2845223B00BA0F5D /* SingleStopWatch.swift */,
				27096B54284D06CC007E7FB6 /* LapModel.swift */,
			);
			path = Stopwatch;
			sourceTree = "<group>";
		};
		27740AA3286120E800514A13 /* TimeInputKeyboard */ = {
			isa = PBXGroup;
			children = (
				27740A9D28611DAB00514A13 /* TimeInputKeyboardView.swift */,
				27740A9F28611E8100514A13 /* TimeInputKeyView.swift */,
			);
			path = TimeInputKeyboard;
			sourceTree = "<group>";
		};
		27740AA4286120F900514A13 /* TimeInputKeyboard */ = {
			isa = PBXGroup;
			children = (
				27740AA128611EC500514A13 /* TimeInputKeyboardModel.swift */,
			);
			path = TimeInputKeyboard;
			sourceTree = "<group>";
		};
/* End PBXGroup section */

/* Begin PBXNativeTarget section */
		271B600A2845220D00BA0F5D /* RepTimer */ = {
			isa = PBXNativeTarget;
			buildConfigurationList = 271B602F2845220E00BA0F5D /* Build configuration list for PBXNativeTarget "RepTimer" */;
			buildPhases = (
				271B60072845220D00BA0F5D /* Sources */,
				271B60082845220D00BA0F5D /* Frameworks */,
				271B60092845220D00BA0F5D /* Resources */,
			);
			buildRules = (
			);
			dependencies = (
			);
			name = RepTimer;
			productName = RepTimer;
			productReference = 271B600B2845220D00BA0F5D /* Clok.app */;
			productType = "com.apple.product-type.application";
		};
		271B601A2845220E00BA0F5D /* RepTimerTests */ = {
			isa = PBXNativeTarget;
			buildConfigurationList = 271B60322845220E00BA0F5D /* Build configuration list for PBXNativeTarget "RepTimerTests" */;
			buildPhases = (
				271B60172845220E00BA0F5D /* Sources */,
				271B60182845220E00BA0F5D /* Frameworks */,
				271B60192845220E00BA0F5D /* Resources */,
			);
			buildRules = (
			);
			dependencies = (
				271B601D2845220E00BA0F5D /* PBXTargetDependency */,
			);
			name = RepTimerTests;
			productName = RepTimerTests;
			productReference = 271B601B2845220E00BA0F5D /* RepTimerTests.xctest */;
			productType = "com.apple.product-type.bundle.unit-test";
		};
		271B60242845220E00BA0F5D /* RepTimerUITests */ = {
			isa = PBXNativeTarget;
			buildConfigurationList = 271B60352845220E00BA0F5D /* Build configuration list for PBXNativeTarget "RepTimerUITests" */;
			buildPhases = (
				271B60212845220E00BA0F5D /* Sources */,
				271B60222845220E00BA0F5D /* Frameworks */,
				271B60232845220E00BA0F5D /* Resources */,
			);
			buildRules = (
			);
			dependencies = (
				271B60272845220E00BA0F5D /* PBXTargetDependency */,
			);
			name = RepTimerUITests;
			productName = RepTimerUITests;
			productReference = 271B60252845220E00BA0F5D /* RepTimerUITests.xctest */;
			productType = "com.apple.product-type.bundle.ui-testing";
		};
/* End PBXNativeTarget section */

/* Begin PBXProject section */
		271B60032845220D00BA0F5D /* Project object */ = {
			isa = PBXProject;
			attributes = {
				BuildIndependentTargetsInParallel = 1;
				LastSwiftUpdateCheck = 1330;
				LastUpgradeCheck = 1330;
				TargetAttributes = {
					271B600A2845220D00BA0F5D = {
						CreatedOnToolsVersion = 13.3.1;
					};
					271B601A2845220E00BA0F5D = {
						CreatedOnToolsVersion = 13.3.1;
						TestTargetID = 271B600A2845220D00BA0F5D;
					};
					271B60242845220E00BA0F5D = {
						CreatedOnToolsVersion = 13.3.1;
						TestTargetID = 271B600A2845220D00BA0F5D;
					};
				};
			};
			buildConfigurationList = 271B60062845220D00BA0F5D /* Build configuration list for PBXProject "Clok" */;
			compatibilityVersion = "Xcode 13.0";
			developmentRegion = en;
			hasScannedForEncodings = 0;
			knownRegions = (
				en,
				Base,
			);
			mainGroup = 271B60022845220D00BA0F5D;
			productRefGroup = 271B600C2845220D00BA0F5D /* Products */;
			projectDirPath = "";
			projectRoot = "";
			targets = (
				271B600A2845220D00BA0F5D /* RepTimer */,
				271B601A2845220E00BA0F5D /* RepTimerTests */,
				271B60242845220E00BA0F5D /* RepTimerUITests */,
			);
		};
/* End PBXProject section */

/* Begin PBXResourcesBuildPhase section */
		271B60092845220D00BA0F5D /* Resources */ = {
			isa = PBXResourcesBuildPhase;
			buildActionMask = 2147483647;
			files = (
				271B60162845220E00BA0F5D /* Preview Assets.xcassets in Resources */,
				27E3F7362867722400DECF15 /* timerDoneSound.m4a in Resources */,
				271B60132845220E00BA0F5D /* Assets.xcassets in Resources */,
				27A42F12289EE4BC007BA2BB /* radar.caf in Resources */,
			);
			runOnlyForDeploymentPostprocessing = 0;
		};
		271B60192845220E00BA0F5D /* Resources */ = {
			isa = PBXResourcesBuildPhase;
			buildActionMask = 2147483647;
			files = (
			);
			runOnlyForDeploymentPostprocessing = 0;
		};
		271B60232845220E00BA0F5D /* Resources */ = {
			isa = PBXResourcesBuildPhase;
			buildActionMask = 2147483647;
			files = (
			);
			runOnlyForDeploymentPostprocessing = 0;
		};
/* End PBXResourcesBuildPhase section */

/* Begin PBXSourcesBuildPhase section */
		271B60072845220D00BA0F5D /* Sources */ = {
			isa = PBXSourcesBuildPhase;
			buildActionMask = 2147483647;
			files = (
				27096B53284CF471007E7FB6 /* PeriodModel.swift in Sources */,
				27E3F73428676B8500DECF15 /* HideKeyboardExtension.swift in Sources */,
				271B603B2845223B00BA0F5D /* SingleStopWatch.swift in Sources */,
				27740AA028611E8100514A13 /* TimeInputKeyView.swift in Sources */,
				27740A96285AC36C00514A13 /* StopWatchControlsView.swift in Sources */,
				27740A9A2860D65700514A13 /* CreateTimerView.swift in Sources */,
				27740A9E28611DAB00514A13 /* TimeInputKeyboardView.swift in Sources */,
				27E3F7462871D22400DECF15 /* BindingOnUpdateExtension.swift in Sources */,
				279936412880B71C009EC53D /* DownUpTimerView.swift in Sources */,
				27740A902858129B00514A13 /* TimerTimelineView.swift in Sources */,
				2703040D2856A8DD00763C06 /* StopWatchContainerView.swift in Sources */,
				270304112856B0BA00763C06 /* MultipleStopWatchView.swift in Sources */,
				279936432880EFF6009EC53D /* DownUpTimerModel.swift in Sources */,
				271B60402845544900BA0F5D /* TimeIntervalFormattingExtension.swift in Sources */,
				271B603D2845229600BA0F5D /* SingleStopWatchView.swift in Sources */,
				27E3F7402870AE2800DECF15 /* StopWatchHistoryView.swift in Sources */,
				271B60112845220D00BA0F5D /* ContentView.swift in Sources */,
				27096B55284D06CC007E7FB6 /* LapModel.swift in Sources */,
				27E3F7422871CBC000DECF15 /* StopwatchSettingsView.swift in Sources */,
				27740A942858133C00514A13 /* TimersControllerModel.swift in Sources */,
				27A42F14289EEF36007BA2BB /* Sizes.swift in Sources */,
				278149BD2884A5E900511D3D /* DateExtensions.swift in Sources */,
				2789A9D02879D13F009710C3 /* ViewExtensions.swift in Sources */,
				27740A8E285810C400514A13 /* SingleTimerModel.swift in Sources */,
				270304132858061600763C06 /* TabContainerView.swift in Sources */,
				27740AA228611EC500514A13 /* TimeInputKeyboardModel.swift in Sources */,
				27E3F73E2869274B00DECF15 /* StopwatchesController.swift in Sources */,
				271B600F2845220D00BA0F5D /* RepTimerApp.swift in Sources */,
			);
			runOnlyForDeploymentPostprocessing = 0;
		};
		271B60172845220E00BA0F5D /* Sources */ = {
			isa = PBXSourcesBuildPhase;
			buildActionMask = 2147483647;
			files = (
				271B60202845220E00BA0F5D /* RepTimerTests.swift in Sources */,
			);
			runOnlyForDeploymentPostprocessing = 0;
		};
		271B60212845220E00BA0F5D /* Sources */ = {
			isa = PBXSourcesBuildPhase;
			buildActionMask = 2147483647;
			files = (
				271B602C2845220E00BA0F5D /* RepTimerUITestsLaunchTests.swift in Sources */,
				271B602A2845220E00BA0F5D /* RepTimerUITests.swift in Sources */,
			);
			runOnlyForDeploymentPostprocessing = 0;
		};
/* End PBXSourcesBuildPhase section */

/* Begin PBXTargetDependency section */
		271B601D2845220E00BA0F5D /* PBXTargetDependency */ = {
			isa = PBXTargetDependency;
			target = 271B600A2845220D00BA0F5D /* RepTimer */;
			targetProxy = 271B601C2845220E00BA0F5D /* PBXContainerItemProxy */;
		};
		271B60272845220E00BA0F5D /* PBXTargetDependency */ = {
			isa = PBXTargetDependency;
			target = 271B600A2845220D00BA0F5D /* RepTimer */;
			targetProxy = 271B60262845220E00BA0F5D /* PBXContainerItemProxy */;
		};
/* End PBXTargetDependency section */

/* Begin XCBuildConfiguration section */
		271B602D2845220E00BA0F5D /* Debug */ = {
			isa = XCBuildConfiguration;
			buildSettings = {
				ALWAYS_SEARCH_USER_PATHS = NO;
				CLANG_ANALYZER_NONNULL = YES;
				CLANG_ANALYZER_NUMBER_OBJECT_CONVERSION = YES_AGGRESSIVE;
				CLANG_CXX_LANGUAGE_STANDARD = "gnu++17";
				CLANG_ENABLE_MODULES = YES;
				CLANG_ENABLE_OBJC_ARC = YES;
				CLANG_ENABLE_OBJC_WEAK = YES;
				CLANG_WARN_BLOCK_CAPTURE_AUTORELEASING = YES;
				CLANG_WARN_BOOL_CONVERSION = YES;
				CLANG_WARN_COMMA = YES;
				CLANG_WARN_CONSTANT_CONVERSION = YES;
				CLANG_WARN_DEPRECATED_OBJC_IMPLEMENTATIONS = YES;
				CLANG_WARN_DIRECT_OBJC_ISA_USAGE = YES_ERROR;
				CLANG_WARN_DOCUMENTATION_COMMENTS = YES;
				CLANG_WARN_EMPTY_BODY = YES;
				CLANG_WARN_ENUM_CONVERSION = YES;
				CLANG_WARN_INFINITE_RECURSION = YES;
				CLANG_WARN_INT_CONVERSION = YES;
				CLANG_WARN_NON_LITERAL_NULL_CONVERSION = YES;
				CLANG_WARN_OBJC_IMPLICIT_RETAIN_SELF = YES;
				CLANG_WARN_OBJC_LITERAL_CONVERSION = YES;
				CLANG_WARN_OBJC_ROOT_CLASS = YES_ERROR;
				CLANG_WARN_QUOTED_INCLUDE_IN_FRAMEWORK_HEADER = YES;
				CLANG_WARN_RANGE_LOOP_ANALYSIS = YES;
				CLANG_WARN_STRICT_PROTOTYPES = YES;
				CLANG_WARN_SUSPICIOUS_MOVE = YES;
				CLANG_WARN_UNGUARDED_AVAILABILITY = YES_AGGRESSIVE;
				CLANG_WARN_UNREACHABLE_CODE = YES;
				CLANG_WARN__DUPLICATE_METHOD_MATCH = YES;
				COPY_PHASE_STRIP = NO;
				DEBUG_INFORMATION_FORMAT = dwarf;
				ENABLE_STRICT_OBJC_MSGSEND = YES;
				ENABLE_TESTABILITY = YES;
				GCC_C_LANGUAGE_STANDARD = gnu11;
				GCC_DYNAMIC_NO_PIC = NO;
				GCC_NO_COMMON_BLOCKS = YES;
				GCC_OPTIMIZATION_LEVEL = 0;
				GCC_PREPROCESSOR_DEFINITIONS = (
					"DEBUG=1",
					"$(inherited)",
				);
				GCC_WARN_64_TO_32_BIT_CONVERSION = YES;
				GCC_WARN_ABOUT_RETURN_TYPE = YES_ERROR;
				GCC_WARN_UNDECLARED_SELECTOR = YES;
				GCC_WARN_UNINITIALIZED_AUTOS = YES_AGGRESSIVE;
				GCC_WARN_UNUSED_FUNCTION = YES;
				GCC_WARN_UNUSED_VARIABLE = YES;
				IPHONEOS_DEPLOYMENT_TARGET = 15.4;
				MTL_ENABLE_DEBUG_INFO = INCLUDE_SOURCE;
				MTL_FAST_MATH = YES;
				ONLY_ACTIVE_ARCH = YES;
				SDKROOT = iphoneos;
				SWIFT_ACTIVE_COMPILATION_CONDITIONS = DEBUG;
				SWIFT_OPTIMIZATION_LEVEL = "-Onone";
			};
			name = Debug;
		};
		271B602E2845220E00BA0F5D /* Release */ = {
			isa = XCBuildConfiguration;
			buildSettings = {
				ALWAYS_SEARCH_USER_PATHS = NO;
				CLANG_ANALYZER_NONNULL = YES;
				CLANG_ANALYZER_NUMBER_OBJECT_CONVERSION = YES_AGGRESSIVE;
				CLANG_CXX_LANGUAGE_STANDARD = "gnu++17";
				CLANG_ENABLE_MODULES = YES;
				CLANG_ENABLE_OBJC_ARC = YES;
				CLANG_ENABLE_OBJC_WEAK = YES;
				CLANG_WARN_BLOCK_CAPTURE_AUTORELEASING = YES;
				CLANG_WARN_BOOL_CONVERSION = YES;
				CLANG_WARN_COMMA = YES;
				CLANG_WARN_CONSTANT_CONVERSION = YES;
				CLANG_WARN_DEPRECATED_OBJC_IMPLEMENTATIONS = YES;
				CLANG_WARN_DIRECT_OBJC_ISA_USAGE = YES_ERROR;
				CLANG_WARN_DOCUMENTATION_COMMENTS = YES;
				CLANG_WARN_EMPTY_BODY = YES;
				CLANG_WARN_ENUM_CONVERSION = YES;
				CLANG_WARN_INFINITE_RECURSION = YES;
				CLANG_WARN_INT_CONVERSION = YES;
				CLANG_WARN_NON_LITERAL_NULL_CONVERSION = YES;
				CLANG_WARN_OBJC_IMPLICIT_RETAIN_SELF = YES;
				CLANG_WARN_OBJC_LITERAL_CONVERSION = YES;
				CLANG_WARN_OBJC_ROOT_CLASS = YES_ERROR;
				CLANG_WARN_QUOTED_INCLUDE_IN_FRAMEWORK_HEADER = YES;
				CLANG_WARN_RANGE_LOOP_ANALYSIS = YES;
				CLANG_WARN_STRICT_PROTOTYPES = YES;
				CLANG_WARN_SUSPICIOUS_MOVE = YES;
				CLANG_WARN_UNGUARDED_AVAILABILITY = YES_AGGRESSIVE;
				CLANG_WARN_UNREACHABLE_CODE = YES;
				CLANG_WARN__DUPLICATE_METHOD_MATCH = YES;
				COPY_PHASE_STRIP = NO;
				DEBUG_INFORMATION_FORMAT = "dwarf-with-dsym";
				ENABLE_NS_ASSERTIONS = NO;
				ENABLE_STRICT_OBJC_MSGSEND = YES;
				GCC_C_LANGUAGE_STANDARD = gnu11;
				GCC_NO_COMMON_BLOCKS = YES;
				GCC_WARN_64_TO_32_BIT_CONVERSION = YES;
				GCC_WARN_ABOUT_RETURN_TYPE = YES_ERROR;
				GCC_WARN_UNDECLARED_SELECTOR = YES;
				GCC_WARN_UNINITIALIZED_AUTOS = YES_AGGRESSIVE;
				GCC_WARN_UNUSED_FUNCTION = YES;
				GCC_WARN_UNUSED_VARIABLE = YES;
				IPHONEOS_DEPLOYMENT_TARGET = 15.4;
				MTL_ENABLE_DEBUG_INFO = NO;
				MTL_FAST_MATH = YES;
				SDKROOT = iphoneos;
				SWIFT_COMPILATION_MODE = wholemodule;
				SWIFT_OPTIMIZATION_LEVEL = "-O";
				VALIDATE_PRODUCT = YES;
			};
			name = Release;
		};
		271B60302845220E00BA0F5D /* Debug */ = {
			isa = XCBuildConfiguration;
			buildSettings = {
				ASSETCATALOG_COMPILER_APPICON_NAME = AppIcon;
				ASSETCATALOG_COMPILER_GLOBAL_ACCENT_COLOR_NAME = AccentColor;
				CODE_SIGN_IDENTITY = "Apple Development";
				CODE_SIGN_STYLE = Automatic;
				CURRENT_PROJECT_VERSION = 1;
				DEVELOPMENT_ASSET_PATHS = "\"clok/Preview Content\"";
				DEVELOPMENT_TEAM = 365K6R64X6;
				ENABLE_PREVIEWS = YES;
				GENERATE_INFOPLIST_FILE = YES;
				INFOPLIST_FILE = "RepTimer-Info.plist";
				INFOPLIST_KEY_CFBundleDisplayName = Clok;
				INFOPLIST_KEY_LSApplicationCategoryType = "public.app-category.utilities";
				INFOPLIST_KEY_UIApplicationSceneManifest_Generation = YES;
				INFOPLIST_KEY_UIApplicationSupportsIndirectInputEvents = YES;
				INFOPLIST_KEY_UILaunchScreen_Generation = YES;
				INFOPLIST_KEY_UIStatusBarHidden = NO;
				INFOPLIST_KEY_UISupportedInterfaceOrientations = UIInterfaceOrientationPortrait;
				INFOPLIST_KEY_UISupportedInterfaceOrientations_iPad = "UIInterfaceOrientationLandscapeLeft UIInterfaceOrientationLandscapeRight UIInterfaceOrientationPortraitUpsideDown";
				LD_RUNPATH_SEARCH_PATHS = (
					"$(inherited)",
					"@executable_path/Frameworks",
				);
				MARKETING_VERSION = 1.2;
				PRODUCT_BUNDLE_IDENTIFIER = com.caiismyname.apps.ios.clok;
				PRODUCT_NAME = Clok;
				PROVISIONING_PROFILE_SPECIFIER = "";
				SWIFT_EMIT_LOC_STRINGS = YES;
				SWIFT_VERSION = 5.0;
				TARGETED_DEVICE_FAMILY = "1,2";
			};
			name = Debug;
		};
		271B60312845220E00BA0F5D /* Release */ = {
			isa = XCBuildConfiguration;
			buildSettings = {
				ASSETCATALOG_COMPILER_APPICON_NAME = AppIcon;
				ASSETCATALOG_COMPILER_GLOBAL_ACCENT_COLOR_NAME = AccentColor;
				CODE_SIGN_IDENTITY = "Apple Development";
				CODE_SIGN_STYLE = Automatic;
				CURRENT_PROJECT_VERSION = 1;
				DEVELOPMENT_ASSET_PATHS = "\"clok/Preview Content\"";
				DEVELOPMENT_TEAM = 365K6R64X6;
				ENABLE_PREVIEWS = YES;
				GENERATE_INFOPLIST_FILE = YES;
				INFOPLIST_FILE = "RepTimer-Info.plist";
				INFOPLIST_KEY_CFBundleDisplayName = Clok;
				INFOPLIST_KEY_LSApplicationCategoryType = "public.app-category.utilities";
				INFOPLIST_KEY_UIApplicationSceneManifest_Generation = YES;
				INFOPLIST_KEY_UIApplicationSupportsIndirectInputEvents = YES;
				INFOPLIST_KEY_UILaunchScreen_Generation = YES;
				INFOPLIST_KEY_UIStatusBarHidden = NO;
				INFOPLIST_KEY_UISupportedInterfaceOrientations = UIInterfaceOrientationPortrait;
				INFOPLIST_KEY_UISupportedInterfaceOrientations_iPad = "UIInterfaceOrientationLandscapeLeft UIInterfaceOrientationLandscapeRight UIInterfaceOrientationPortraitUpsideDown";
				LD_RUNPATH_SEARCH_PATHS = (
					"$(inherited)",
					"@executable_path/Frameworks",
				);
				MARKETING_VERSION = 1.2;
				PRODUCT_BUNDLE_IDENTIFIER = com.caiismyname.apps.ios.clok;
				PRODUCT_NAME = Clok;
				PROVISIONING_PROFILE_SPECIFIER = "";
				SWIFT_EMIT_LOC_STRINGS = YES;
				SWIFT_VERSION = 5.0;
				TARGETED_DEVICE_FAMILY = "1,2";
			};
			name = Release;
		};
		271B60332845220E00BA0F5D /* Debug */ = {
			isa = XCBuildConfiguration;
			buildSettings = {
				ALWAYS_EMBED_SWIFT_STANDARD_LIBRARIES = YES;
				BUNDLE_LOADER = "$(TEST_HOST)";
				CODE_SIGN_STYLE = Automatic;
				CURRENT_PROJECT_VERSION = 1;
				GENERATE_INFOPLIST_FILE = YES;
				IPHONEOS_DEPLOYMENT_TARGET = 15.4;
				MARKETING_VERSION = 1.0;
				PRODUCT_BUNDLE_IDENTIFIER = caiismyname.RepTimerTests;
				PRODUCT_NAME = "$(TARGET_NAME)";
				SWIFT_EMIT_LOC_STRINGS = NO;
				SWIFT_VERSION = 5.0;
				TARGETED_DEVICE_FAMILY = "1,2";
				TEST_HOST = "$(BUILT_PRODUCTS_DIR)/RepTimer.app/RepTimer";
			};
			name = Debug;
		};
		271B60342845220E00BA0F5D /* Release */ = {
			isa = XCBuildConfiguration;
			buildSettings = {
				ALWAYS_EMBED_SWIFT_STANDARD_LIBRARIES = YES;
				BUNDLE_LOADER = "$(TEST_HOST)";
				CODE_SIGN_STYLE = Automatic;
				CURRENT_PROJECT_VERSION = 1;
				GENERATE_INFOPLIST_FILE = YES;
				IPHONEOS_DEPLOYMENT_TARGET = 15.4;
				MARKETING_VERSION = 1.0;
				PRODUCT_BUNDLE_IDENTIFIER = caiismyname.RepTimerTests;
				PRODUCT_NAME = "$(TARGET_NAME)";
				SWIFT_EMIT_LOC_STRINGS = NO;
				SWIFT_VERSION = 5.0;
				TARGETED_DEVICE_FAMILY = "1,2";
				TEST_HOST = "$(BUILT_PRODUCTS_DIR)/RepTimer.app/RepTimer";
			};
			name = Release;
		};
		271B60362845220E00BA0F5D /* Debug */ = {
			isa = XCBuildConfiguration;
			buildSettings = {
				ALWAYS_EMBED_SWIFT_STANDARD_LIBRARIES = YES;
				CODE_SIGN_STYLE = Automatic;
				CURRENT_PROJECT_VERSION = 1;
				GENERATE_INFOPLIST_FILE = YES;
				MARKETING_VERSION = 1.0;
				PRODUCT_BUNDLE_IDENTIFIER = caiismyname.RepTimerUITests;
				PRODUCT_NAME = "$(TARGET_NAME)";
				SWIFT_EMIT_LOC_STRINGS = NO;
				SWIFT_VERSION = 5.0;
				TARGETED_DEVICE_FAMILY = "1,2";
				TEST_TARGET_NAME = RepTimer;
			};
			name = Debug;
		};
		271B60372845220E00BA0F5D /* Release */ = {
			isa = XCBuildConfiguration;
			buildSettings = {
				ALWAYS_EMBED_SWIFT_STANDARD_LIBRARIES = YES;
				CODE_SIGN_STYLE = Automatic;
				CURRENT_PROJECT_VERSION = 1;
				GENERATE_INFOPLIST_FILE = YES;
				MARKETING_VERSION = 1.0;
				PRODUCT_BUNDLE_IDENTIFIER = caiismyname.RepTimerUITests;
				PRODUCT_NAME = "$(TARGET_NAME)";
				SWIFT_EMIT_LOC_STRINGS = NO;
				SWIFT_VERSION = 5.0;
				TARGETED_DEVICE_FAMILY = "1,2";
				TEST_TARGET_NAME = RepTimer;
			};
			name = Release;
		};
/* End XCBuildConfiguration section */

/* Begin XCConfigurationList section */
		271B60062845220D00BA0F5D /* Build configuration list for PBXProject "Clok" */ = {
			isa = XCConfigurationList;
			buildConfigurations = (
				271B602D2845220E00BA0F5D /* Debug */,
				271B602E2845220E00BA0F5D /* Release */,
			);
			defaultConfigurationIsVisible = 0;
			defaultConfigurationName = Release;
		};
		271B602F2845220E00BA0F5D /* Build configuration list for PBXNativeTarget "RepTimer" */ = {
			isa = XCConfigurationList;
			buildConfigurations = (
				271B60302845220E00BA0F5D /* Debug */,
				271B60312845220E00BA0F5D /* Release */,
			);
			defaultConfigurationIsVisible = 0;
			defaultConfigurationName = Release;
		};
		271B60322845220E00BA0F5D /* Build configuration list for PBXNativeTarget "RepTimerTests" */ = {
			isa = XCConfigurationList;
			buildConfigurations = (
				271B60332845220E00BA0F5D /* Debug */,
				271B60342845220E00BA0F5D /* Release */,
			);
			defaultConfigurationIsVisible = 0;
			defaultConfigurationName = Release;
		};
		271B60352845220E00BA0F5D /* Build configuration list for PBXNativeTarget "RepTimerUITests" */ = {
			isa = XCConfigurationList;
			buildConfigurations = (
				271B60362845220E00BA0F5D /* Debug */,
				271B60372845220E00BA0F5D /* Release */,
			);
			defaultConfigurationIsVisible = 0;
			defaultConfigurationName = Release;
		};
/* End XCConfigurationList section */
	};
	rootObject = 271B60032845220D00BA0F5D /* Project object */;
}
